Microsoft Visual Studio Solution File, Format Version 12.00
# Visual Studio Version 17
VisualStudioVersion = 17.13.35919.96 d17.13
MinimumVisualStudioVersion = 10.0.40219.1
Project("{FAE04EC0-301F-11D3-BF4B-00C04F79EFBC}") = "MeleeToolSickleT0IronSickle", "MeleeToolSickleT0IronSickle.csproj", "{A0869DA1-4125-4202-9ADA-35DB807C2A6B}"
EndProject
Global
	GlobalSection(SolutionConfigurationPlatforms) = preSolution
		Debug|Any CPU = Debug|Any CPU
		Release|Any CPU = Release|Any CPU
	EndGlobalSection
	GlobalSection(ProjectConfigurationPlatforms) = postSolution
		{A0869DA1-4125-4202-9ADA-35DB807C2A6B}.Debug|Any CPU.ActiveCfg = Debug|Any CPU
		{A0869DA1-4125-4202-9ADA-35DB807C2A6B}.Debug|Any CPU.Build.0 = Debug|Any CPU
		{A0869DA1-4125-4202-9ADA-35DB807C2A6B}.Release|Any CPU.ActiveCfg = Release|Any CPU
		{A0869DA1-4125-4202-9ADA-35DB807C2A6B}.Release|Any CPU.Build.0 = Release|Any CPU
	EndGlobalSection
	GlobalSection(SolutionProperties) = preSolution
		HideSolutionNode = FALSE
	EndGlobalSection
	GlobalSection(ExtensibilityGlobals) = postSolution
		SolutionGuid = {FC40FD73-BF7E-4058-8F0A-32854B45A706}
	EndGlobalSection
EndGlobal